github.com/ebitengine/gomobile v0.0.0-20250329061421-6d0a8e981e4c h1:Ccgks2VROTr6bIm1FFxG2jT6P1DaCBMj8g/O9xbOQ08=
github.com/ebitengine/gomobile v0.0.0-20250329061421-6d0a8e981e4c/go.mod h1:M6DDA2RbegvWBVv4Dq482lwyFTtMczT1A7UNm1qOYzY=
github.com/ebitengine/hideconsole v1.0.0 h1:5J4U0kXF+pv/DhiXt5/lTz0eO5ogJ1iXb8Yj1yReDqE=
github.com/ebitengine/hideconsole v1.0.0/go.mod h1:hTTBTvVYWKBuxPr7peweneWdkUwEuHuB3C1R/ielR1A=
github.com/ebitengine/purego v0.8.4 h1:CF7LEKg5FFOsASUj0+QwaXf8Ht6TlFxg09+S9wz0omw=
github.com/ebitengine/purego v0.8.4/go.mod h1:iIjxzd6CiRiOG0UyXP+V1+jWqUXVjPKLAI0mRfJZTmQ=
github.com/hajimehoshi/ebiten/v2 v2.8.8 h1:xyMxOAn52T1tQ+j3vdieZ7auDBOXmvjUprSrxaIbsi8=
github.com/hajimehoshi/ebiten/v2 v2.8.8/go.mod h1:durJ05+OYnio9b8q0sEtOgaNeBEQG7Yr7lRviAciYbs=
github.com/jezek/xgb v1.1.1 h1:bE/r8ZZtSv7l9gk6nU0mYx51aXrvnyb44892TwSaqS4=
github.com/jezek/xgb v1.1.1/go.mod h1:nrhwO0FX/enq75I7Y7G8iN1ubpSGZEiA3v9e9GyRFlk=
github.com/setanarut/cm v1.14.2 h1:mQ+PExWJcdrDK5Wmxa49MGdZTRl2tbxatDFDWi0xkfw=
github.com/setanarut/cm v1.14.2/go.mod h1:SplGumEht5a6mEd+H1rcideIso4XEfS+aZxHDigoUoA=
github.com/setanarut/fastnoise v1.1.1 h1:cD9gUjY9GMxVab+B7AY09j2GAHMdiKzchDE5z6dQ7eE=
github.com/setanarut/fastnoise v1.1.1/go.mod h1:74vG3/RcPPcNi2M0riHJXQp9/+eTSh0rnQ/0WTEY6SU=
github.com/setanarut/kamera/v2 v2.97.2 h1:GiLiYkwq42b5jwXdbjK5OVuQoJK2IrPkOn+JF5bnexg=
github.com/setanarut/kamera/v2 v2.97.2/go.mod h1:jw5q24L5alrt9OfCRbDWyfswlnnZOXMkiETc3NI/zPo=
github.com/setanarut/v v1.2.1 h1:p35oGXDf3HbQ1vW9Wnh8jqCkeSM5s5JcQbf+bl25Qwk=
github.com/setanarut/v v1.2.1/go.mod h1:b+qEuRKbtbcJvFqlu/ozRSp/P0ouWDeLWSMyog6/7hg=
golang.org/x/image v0.25.0 h1:Y6uW6rH1y5y/LK1J8BPWZtr6yZ7hrsy6hFrXjgsc2fQ=
golang.org/x/image v0.25.0/go.mod h1:tCAmOEGthTtkalusGp1g3xa2gke8J6c2N565dTyl9Rs=
golang.org/x/sync v0.16.0 h1:ycBJEhp9p4vXvUZNszeOq0kGTPghopOL8q0fq3vstxw=
golang.org/x/sync v0.16.0/go.mod h1:1dzgHSNfp02xaA81J2MS99Qcpr2w7fw1gpm99rleRqA=
golang.org/x/sys v0.35.0 h1:vz1N37gP5bs89s7He8XuIYXpyY0+QlsKmzipCbUtyxI=
golang.org/x/sys v0.35.0/go.mod h1:BJP2sWEmIv4KK5OTEluFJCKSidICx8ciO85XgH3Ak8k=
