github.com/ebitengine/gomobile v0.0.0-20250329061421-6d0a8e981e4c h1:Ccgks2VROTr6bIm1FFxG2jT6P1DaCBMj8g/O9xbOQ08=
github.com/ebitengine/gomobile v0.0.0-20250329061421-6d0a8e981e4c/go.mod h1:M6DDA2RbegvWBVv4Dq482lwyFTtMczT1A7UNm1qOYzY=
github.com/ebitengine/hideconsole v1.0.0 h1:5J4U0kXF+pv/DhiXt5/lTz0eO5ogJ1iXb8Yj1yReDqE=
github.com/ebitengine/hideconsole v1.0.0/go.mod h1:hTTBTvVYWKBuxPr7peweneWdkUwEuHuB3C1R/ielR1A=
github.com/ebitengine/purego v0.8.4 h1:CF7LEKg5FFOsASUj0+QwaXf8Ht6TlFxg09+S9wz0omw=
github.com/ebitengine/purego v0.8.4/go.mod h1:iIjxzd6CiRiOG0UyXP+V1+jWqUXVjPKLAI0mRfJZTmQ=
github.com/hajimehoshi/ebiten/v2 v2.8.8 h1:xyMxOAn52T1tQ+j3vdieZ7auDBOXmvjUprSrxaIbsi8=
github.com/hajimehoshi/ebiten/v2 v2.8.8/go.mod h1:durJ05+OYnio9b8q0sEtOgaNeBEQG7Yr7lRviAciYbs=
github.com/jezek/xgb v1.1.1 h1:bE/r8ZZtSv7l9gk6nU0mYx51aXrvnyb44892TwSaqS4=
github.com/jezek/xgb v1.1.1/go.mod h1:nrhwO0FX/enq75I7Y7G8iN1ubpSGZEiA3v9e9GyRFlk=
github.com/setanarut/cm v1.13.2 h1:A+YHgU7IY+kFtAgYzIhmSj66dBDzSQHw6/AZRCzeB6s=
github.com/setanarut/cm v1.13.2/go.mod h1:83LtyTyTN89nQlvjiwAITEwNGhKZ7YmmM0PC9tZiemg=
github.com/setanarut/fastnoise v1.1.1 h1:cD9gUjY9GMxVab+B7AY09j2GAHMdiKzchDE5z6dQ7eE=
github.com/setanarut/fastnoise v1.1.1/go.mod h1:74vG3/RcPPcNi2M0riHJXQp9/+eTSh0rnQ/0WTEY6SU=
github.com/setanarut/kamera/v2 v2.96.2 h1:eT5eQx6kcw/rfE90OMttmDY6dgfnh0n5XNLAZ+X6kZc=
github.com/setanarut/kamera/v2 v2.96.2/go.mod h1:VoCiXceHd/TXw94dcZUIPA9wQKRCZ0poSTq/wj+Zj5s=
github.com/setanarut/vec v1.1.1 h1:2nH1gbDMCa/IHTdG41nmI+2OYyKhbiputK+Bg/mMK+s=
github.com/setanarut/vec v1.1.1/go.mod h1:ZDoKd7F60rWLgCK58novWOCe5ePiXfSkwtmuOSSC9TU=
golang.org/x/image v0.25.0 h1:Y6uW6rH1y5y/LK1J8BPWZtr6yZ7hrsy6hFrXjgsc2fQ=
golang.org/x/image v0.25.0/go.mod h1:tCAmOEGthTtkalusGp1g3xa2gke8J6c2N565dTyl9Rs=
golang.org/x/sync v0.15.0 h1:KWH3jNZsfyT6xfAfKiz6MRNmd46ByHDYaZ7KSkCtdW8=
golang.org/x/sync v0.15.0/go.mod h1:1dzgHSNfp02xaA81J2MS99Qcpr2w7fw1gpm99rleRqA=
golang.org/x/sys v0.33.0 h1:q3i8TbbEz+JRD9ywIRlyRAQbM0qF7hu24q3teo2hbuw=
golang.org/x/sys v0.33.0/go.mod h1:BJP2sWEmIv4KK5OTEluFJCKSidICx8ciO85XgH3Ak8k=
